{
    "_readme": [
        "This file locks the dependencies of your project to a known state",
        "Read more about it at https://getcomposer.org/doc/01-basic-usage.md#composer-lock-the-lock-file",
        "This file is @generated automatically"
    ],
    "hash": "e22785d29746f38bc0f342d18cfff14c",
    "content-hash": "f5037eb082149da5fcf5863d3d79d7c5",
    "packages": [],
    "packages-dev": [
        {
            "name": "cwm/broadworks-xsd-converter",
            "version": "1.1.1",
            "source": {
                "type": "git",
                "url": "https://github.com/cwmiller/broadworks-xsd-converter.git",
                "reference": "f39829a52b53c6b4a112f74b81ab33bb7b08cff4"
            },
            "dist": {
                "type": "zip",
                "url": "https://api.github.com/repos/cwmiller/broadworks-xsd-converter/zipball/f39829a52b53c6b4a112f74b81ab33bb7b08cff4",
                "reference": "f39829a52b53c6b4a112f74b81ab33bb7b08cff4",
                "shasum": ""
            },
            "require": {
                "ext-xml": "*",
                "php": ">=5.4.0",
                "zendframework/zend-code": "^3.1"
            },
            "type": "project",
            "autoload": {
                "psr-4": {
                    "CWM\\BroadWorksXsdConverter\\": "src/"
                }
            },
            "notification-url": "https://packagist.org/downloads/",
            "license": [
                "MIT"
            ],
            "authors": [
                {
                    "name": "Chase Miller",
                    "email": "chase@miller.sh"
                }
            ],
            "description": "Converts XSD files for BroadWorks APIs into PHP classes.",
            "time": "2018-07-03 13:34:03"
        },
        {
            "name": "zendframework/zend-code",
            "version": "3.1.0",
            "source": {
                "type": "git",
                "url": "https://github.com/zendframework/zend-code.git",
                "reference": "2899c17f83a7207f2d7f53ec2f421204d3beea27"
            },
            "dist": {
                "type": "zip",
                "url": "https://api.github.com/repos/zendframework/zend-code/zipball/2899c17f83a7207f2d7f53ec2f421204d3beea27",
                "reference": "2899c17f83a7207f2d7f53ec2f421204d3beea27",
                "shasum": ""
            },
            "require": {
                "php": "^5.6 || 7.0.0 - 7.0.4 || ^7.0.6",
                "zendframework/zend-eventmanager": "^2.6 || ^3.0"
            },
            "require-dev": {
                "doctrine/annotations": "~1.0",
                "ext-phar": "*",
                "phpunit/phpunit": "^4.8.21",
                "squizlabs/php_codesniffer": "^2.5",
                "zendframework/zend-stdlib": "^2.7 || ^3.0"
            },
            "suggest": {
                "doctrine/annotations": "Doctrine\\Common\\Annotations >=1.0 for annotation features",
                "zendframework/zend-stdlib": "Zend\\Stdlib component"
            },
            "type": "library",
            "extra": {
                "branch-alias": {
                    "dev-master": "3.1-dev",
                    "dev-develop": "3.2-dev"
                }
            },
            "autoload": {
                "psr-4": {
                    "Zend\\Code\\": "src/"
                }
            },
            "notification-url": "https://packagist.org/downloads/",
            "license": [
                "BSD-3-Clause"
            ],
            "description": "provides facilities to generate arbitrary code using an object oriented interface",
            "homepage": "https://github.com/zendframework/zend-code",
            "keywords": [
                "code",
                "zf2"
            ],
            "time": "2016-10-24 13:23:32"
        },
        {
            "name": "zendframework/zend-eventmanager",
            "version": "3.2.1",
            "source": {
                "type": "git",
                "url": "https://github.com/zendframework/zend-eventmanager.git",
                "reference": "a5e2583a211f73604691586b8406ff7296a946dd"
            },
            "dist": {
                "type": "zip",
                "url": "https://api.github.com/repos/zendframework/zend-eventmanager/zipball/a5e2583a211f73604691586b8406ff7296a946dd",
                "reference": "a5e2583a211f73604691586b8406ff7296a946dd",
                "shasum": ""
            },
            "require": {
                "php": "^5.6 || ^7.0"
            },
            "require-dev": {
                "athletic/athletic": "^0.1",
                "container-interop/container-interop": "^1.1.0",
                "phpunit/phpunit": "^5.7.27 || ^6.5.8 || ^7.1.2",
                "zendframework/zend-coding-standard": "~1.0.0",
                "zendframework/zend-stdlib": "^2.7.3 || ^3.0"
            },
            "suggest": {
                "container-interop/container-interop": "^1.1.0, to use the lazy listeners feature",
                "zendframework/zend-stdlib": "^2.7.3 || ^3.0, to use the FilterChain feature"
            },
            "type": "library",
            "extra": {
                "branch-alias": {
                    "dev-master": "3.2-dev",
                    "dev-develop": "3.3-dev"
                }
            },
            "autoload": {
                "psr-4": {
                    "Zend\\EventManager\\": "src/"
                }
            },
            "notification-url": "https://packagist.org/downloads/",
            "license": [
                "BSD-3-Clause"
            ],
            "description": "Trigger and listen to events within a PHP application",
            "homepage": "https://github.com/zendframework/zend-eventmanager",
            "keywords": [
                "event",
                "eventmanager",
                "events",
                "zf2"
            ],
            "time": "2018-04-25 15:33:34"
        }
    ],
    "aliases": [],
    "minimum-stability": "stable",
    "stability-flags": [],
    "prefer-stable": false,
    "prefer-lowest": false,
    "platform": {
        "php": ">=5.4.0",
        "ext-soap": "*",
        "ext-xml": "*",
        "ext-dom": "*"
    },
    "platform-dev": []
}
